
Microsoft Visual Studio Solution File, Format Version 12.00
# Visual Studio Version 17
VisualStudioVersion = 17.0.31903.59
MinimumVisualStudioVersion = 10.0.40219.1
Project("{2150E333-8FDC-42A3-9474-1A3956D46DE8}") = "src", "src", "{D3DF5E45-DBD4-4E6B-8E9B-AE4008B295DE}"
EndProject
Project("{FAE04EC0-301F-11D3-BF4B-00C04F79EFBC}") = "Necronet.Contracts", "src\Necronet.Contracts\Necronet.Contracts.csproj", "{F581DC9D-0085-4C00-89A3-DD93C1D70108}"
EndProject
Project("{FAE04EC0-301F-11D3-BF4B-00C04F79EFBC}") = "Necronet.ChatServer", "src\Necronet.ChatServer\Necronet.ChatServer.csproj", "{68C49BEA-2812-4C24-92F7-E7AFA265F5F7}"
EndProject
Global
	GlobalSection(SolutionConfigurationPlatforms) = preSolution
		Debug|Any CPU = Debug|Any CPU
		Release|Any CPU = Release|Any CPU
	EndGlobalSection
	GlobalSection(SolutionProperties) = preSolution
		HideSolutionNode = FALSE
	EndGlobalSection
	GlobalSection(ProjectConfigurationPlatforms) = postSolution
		{F581DC9D-0085-4C00-89A3-DD93C1D70108}.Debug|Any CPU.ActiveCfg = Debug|Any CPU
		{F581DC9D-0085-4C00-89A3-DD93C1D70108}.Debug|Any CPU.Build.0 = Debug|Any CPU
		{F581DC9D-0085-4C00-89A3-DD93C1D70108}.Release|Any CPU.ActiveCfg = Release|Any CPU
		{F581DC9D-0085-4C00-89A3-DD93C1D70108}.Release|Any CPU.Build.0 = Release|Any CPU
		{68C49BEA-2812-4C24-92F7-E7AFA265F5F7}.Debug|Any CPU.ActiveCfg = Debug|Any CPU
		{68C49BEA-2812-4C24-92F7-E7AFA265F5F7}.Debug|Any CPU.Build.0 = Debug|Any CPU
		{68C49BEA-2812-4C24-92F7-E7AFA265F5F7}.Release|Any CPU.ActiveCfg = Release|Any CPU
		{68C49BEA-2812-4C24-92F7-E7AFA265F5F7}.Release|Any CPU.Build.0 = Release|Any CPU
	EndGlobalSection
	GlobalSection(NestedProjects) = preSolution
		{F581DC9D-0085-4C00-89A3-DD93C1D70108} = {D3DF5E45-DBD4-4E6B-8E9B-AE4008B295DE}
		{68C49BEA-2812-4C24-92F7-E7AFA265F5F7} = {D3DF5E45-DBD4-4E6B-8E9B-AE4008B295DE}
	EndGlobalSection
EndGlobal
